
Microsoft Visual Studio Solution File, Format Version 12.00
# Visual Studio Version 16
VisualStudioVersion = 16.0.32602.291
MinimumVisualStudioVersion = 10.0.40219.1
Project("{2150E333-8FDC-42A3-9474-1A3956D46DE8}") = "Solution Items", "Solution Items", "{B27D9389-6E49-46C0-A89C-B94D9AA97D40}"
EndProject
Project("{2150E333-8FDC-42A3-9474-1A3956D46DE8}") = "Comum", "Comum", "{05AC9A59-C3FC-456F-97A9-24FB15834A52}"
EndProject
Project("{FAE04EC0-301F-11D3-BF4B-00C04F79EFBC}") = "Hotel.Comum", "Hotel.Comum\Hotel.Comum.csproj", "{71B5BB71-3797-4AD0-ACE1-FCA099A5A957}"
EndProject
Project("{2150E333-8FDC-42A3-9474-1A3956D46DE8}") = "Cliente", "Cliente", "{26A96DCB-10FC-43F8-AC68-1A4EFD6F473A}"
EndProject
Project("{FAE04EC0-301F-11D3-BF4B-00C04F79EFBC}") = "Hotel.Cliente", "Hotel.Cliente\Hotel.Cliente.csproj", "{96CC5606-2F10-4F19-B970-930513E9C5D8}"
EndProject
Project("{2150E333-8FDC-42A3-9474-1A3956D46DE8}") = "Infraestrutura", "Infraestrutura", "{C9ECA5A7-AFD8-440A-BF30-FA202A60D1C9}"
EndProject
Project("{2150E333-8FDC-42A3-9474-1A3956D46DE8}") = "Negocio", "Negocio", "{5C29BB1D-17AF-451A-BD45-B304FF935E73}"
EndProject
Project("{FAE04EC0-301F-11D3-BF4B-00C04F79EFBC}") = "Hotel.Bll", "Hotel.Bll\Hotel.Bll.csproj", "{5E72B6E6-46A4-4619-BA77-70A56D8B8BF9}"
EndProject
Project("{2150E333-8FDC-42A3-9474-1A3956D46DE8}") = "ADONET", "ADONET", "{7C6EEEBA-255D-4BE0-A4B7-8FBAEF6E8DBD}"
EndProject
Project("{FAE04EC0-301F-11D3-BF4B-00C04F79EFBC}") = "Engegraph.ADO", "Engegraph.ADO\Engegraph.ADO.csproj", "{1A0ABD56-1340-4840-B376-6F880CDCEC43}"
EndProject
Global
	GlobalSection(SolutionConfigurationPlatforms) = preSolution
		Debug|Any CPU = Debug|Any CPU
		Release|Any CPU = Release|Any CPU
	EndGlobalSection
	GlobalSection(ProjectConfigurationPlatforms) = postSolution
		{71B5BB71-3797-4AD0-ACE1-FCA099A5A957}.Debug|Any CPU.ActiveCfg = Debug|Any CPU
		{71B5BB71-3797-4AD0-ACE1-FCA099A5A957}.Debug|Any CPU.Build.0 = Debug|Any CPU
		{71B5BB71-3797-4AD0-ACE1-FCA099A5A957}.Release|Any CPU.ActiveCfg = Release|Any CPU
		{71B5BB71-3797-4AD0-ACE1-FCA099A5A957}.Release|Any CPU.Build.0 = Release|Any CPU
		{96CC5606-2F10-4F19-B970-930513E9C5D8}.Debug|Any CPU.ActiveCfg = Debug|Any CPU
		{96CC5606-2F10-4F19-B970-930513E9C5D8}.Debug|Any CPU.Build.0 = Debug|Any CPU
		{96CC5606-2F10-4F19-B970-930513E9C5D8}.Release|Any CPU.ActiveCfg = Release|Any CPU
		{96CC5606-2F10-4F19-B970-930513E9C5D8}.Release|Any CPU.Build.0 = Release|Any CPU
		{5E72B6E6-46A4-4619-BA77-70A56D8B8BF9}.Debug|Any CPU.ActiveCfg = Debug|Any CPU
		{5E72B6E6-46A4-4619-BA77-70A56D8B8BF9}.Debug|Any CPU.Build.0 = Debug|Any CPU
		{5E72B6E6-46A4-4619-BA77-70A56D8B8BF9}.Release|Any CPU.ActiveCfg = Release|Any CPU
		{5E72B6E6-46A4-4619-BA77-70A56D8B8BF9}.Release|Any CPU.Build.0 = Release|Any CPU
		{1A0ABD56-1340-4840-B376-6F880CDCEC43}.Debug|Any CPU.ActiveCfg = Debug|Any CPU
		{1A0ABD56-1340-4840-B376-6F880CDCEC43}.Debug|Any CPU.Build.0 = Debug|Any CPU
		{1A0ABD56-1340-4840-B376-6F880CDCEC43}.Release|Any CPU.ActiveCfg = Release|Any CPU
		{1A0ABD56-1340-4840-B376-6F880CDCEC43}.Release|Any CPU.Build.0 = Release|Any CPU
	EndGlobalSection
	GlobalSection(SolutionProperties) = preSolution
		HideSolutionNode = FALSE
	EndGlobalSection
	GlobalSection(NestedProjects) = preSolution
		{71B5BB71-3797-4AD0-ACE1-FCA099A5A957} = {05AC9A59-C3FC-456F-97A9-24FB15834A52}
		{96CC5606-2F10-4F19-B970-930513E9C5D8} = {26A96DCB-10FC-43F8-AC68-1A4EFD6F473A}
		{5E72B6E6-46A4-4619-BA77-70A56D8B8BF9} = {5C29BB1D-17AF-451A-BD45-B304FF935E73}
		{1A0ABD56-1340-4840-B376-6F880CDCEC43} = {7C6EEEBA-255D-4BE0-A4B7-8FBAEF6E8DBD}
	EndGlobalSection
	GlobalSection(ExtensibilityGlobals) = postSolution
		SolutionGuid = {E07F83B0-0359-4146-ABA5-70522547395C}
	EndGlobalSection
EndGlobal
